
Microsoft Visual Studio Solution File, Format Version 12.00
# Visual Studio Version 16
VisualStudioVersion = 16.0.33214.272
MinimumVisualStudioVersion = 10.0.40219.1
Project("{FAE04EC0-301F-11D3-BF4B-00C04F79EFBC}") = "YippeeMod", "SunnysMod\YippeeMod.csproj", "{8676BF19-F661-44FF-B134-AE2F33A4BAB9}"
EndProject
Global
	GlobalSection(SolutionConfigurationPlatforms) = preSolution
		Debug|Any CPU = Debug|Any CPU
		Release|Any CPU = Release|Any CPU
	EndGlobalSection
	GlobalSection(ProjectConfigurationPlatforms) = postSolution
		{8676BF19-F661-44FF-B134-AE2F33A4BAB9}.Debug|Any CPU.ActiveCfg = Debug|Any CPU
		{8676BF19-F661-44FF-B134-AE2F33A4BAB9}.Debug|Any CPU.Build.0 = Debug|Any CPU
		{8676BF19-F661-44FF-B134-AE2F33A4BAB9}.Release|Any CPU.ActiveCfg = Release|Any CPU
		{8676BF19-F661-44FF-B134-AE2F33A4BAB9}.Release|Any CPU.Build.0 = Release|Any CPU
	EndGlobalSection
	GlobalSection(SolutionProperties) = preSolution
		HideSolutionNode = FALSE
	EndGlobalSection
	GlobalSection(ExtensibilityGlobals) = postSolution
		SolutionGuid = {7E1A27D7-69BF-46E2-827F-6F55FD485E8F}
	EndGlobalSection
EndGlobal
